
Microsoft Visual Studio Solution File, Format Version 12.00
# Visual Studio Version 16
VisualStudioVersion = 16.0.31624.102
MinimumVisualStudioVersion = 10.0.40219.1
Project("{FAE04EC0-301F-11D3-BF4B-00C04F79EFBC}") = "PASMicroservice", "PASMicroservice\PASMicroservice.csproj", "{229E5DEB-2C03-49B6-A898-A40B6FBE87DA}"
EndProject
Global
	GlobalSection(SolutionConfigurationPlatforms) = preSolution
		Debug|Any CPU = Debug|Any CPU
		Release|Any CPU = Release|Any CPU
	EndGlobalSection
	GlobalSection(ProjectConfigurationPlatforms) = postSolution
		{229E5DEB-2C03-49B6-A898-A40B6FBE87DA}.Debug|Any CPU.ActiveCfg = Debug|Any CPU
		{229E5DEB-2C03-49B6-A898-A40B6FBE87DA}.Debug|Any CPU.Build.0 = Debug|Any CPU
		{229E5DEB-2C03-49B6-A898-A40B6FBE87DA}.Release|Any CPU.ActiveCfg = Release|Any CPU
		{229E5DEB-2C03-49B6-A898-A40B6FBE87DA}.Release|Any CPU.Build.0 = Release|Any CPU
	EndGlobalSection
	GlobalSection(SolutionProperties) = preSolution
		HideSolutionNode = FALSE
	EndGlobalSection
	GlobalSection(ExtensibilityGlobals) = postSolution
		SolutionGuid = {8D22FDDC-CF4D-4FCA-B3C3-31B405E964F4}
	EndGlobalSection
EndGlobal
