
Microsoft Visual Studio Solution File, Format Version 12.00
# Visual Studio Version 16
VisualStudioVersion = 16.0.30621.155
MinimumVisualStudioVersion = 10.0.40219.1
Project("{FAE04EC0-301F-11D3-BF4B-00C04F79EFBC}") = "QualityRankingService", "QualityRankingService\QualityRankingService.csproj", "{AA6EFF27-C350-4571-9870-05A45F036E0A}"
EndProject
Global
	GlobalSection(SolutionConfigurationPlatforms) = preSolution
		Debug|Any CPU = Debug|Any CPU
		Release|Any CPU = Release|Any CPU
	EndGlobalSection
	GlobalSection(ProjectConfigurationPlatforms) = postSolution
		{AA6EFF27-C350-4571-9870-05A45F036E0A}.Debug|Any CPU.ActiveCfg = Debug|Any CPU
		{AA6EFF27-C350-4571-9870-05A45F036E0A}.Debug|Any CPU.Build.0 = Debug|Any CPU
		{AA6EFF27-C350-4571-9870-05A45F036E0A}.Release|Any CPU.ActiveCfg = Release|Any CPU
		{AA6EFF27-C350-4571-9870-05A45F036E0A}.Release|Any CPU.Build.0 = Release|Any CPU
	EndGlobalSection
	GlobalSection(SolutionProperties) = preSolution
		HideSolutionNode = FALSE
	EndGlobalSection
	GlobalSection(ExtensibilityGlobals) = postSolution
		SolutionGuid = {C1D60EE8-E4EC-4062-84D0-222A2B2B4D24}
	EndGlobalSection
EndGlobal
